
Microsoft Visual Studio Solution File, Format Version 11.00
# Visual Studio 2010
Project("{FAE04EC0-301F-11D3-BF4B-00C04F79EFBC}") = "Orchard", "Orchard\Orchard.csproj", "{202E9EBA-C669-4F51-93C3-6638BA0B68B7}"
EndProject
Project("{FAE04EC0-301F-11D3-BF4B-00C04F79EFBC}") = "FormGenerator", "FormGenerator\FormGenerator.csproj", "{09C63C63-3968-4462-838F-27AF63372741}"
EndProject
Project("{FAE04EC0-301F-11D3-BF4B-00C04F79EFBC}") = "FormGenerator.Test", "FormGenerator.Test\FormGenerator.Test.csproj", "{DAEFB41C-CD13-4EC4-83F9-B21D23C330BE}"
EndProject
Global
	GlobalSection(SolutionConfigurationPlatforms) = preSolution
		Debug|Any CPU = Debug|Any CPU
		Release|Any CPU = Release|Any CPU
	EndGlobalSection
	GlobalSection(ProjectConfigurationPlatforms) = postSolution
		{202E9EBA-C669-4F51-93C3-6638BA0B68B7}.Debug|Any CPU.ActiveCfg = Debug|Any CPU
		{202E9EBA-C669-4F51-93C3-6638BA0B68B7}.Debug|Any CPU.Build.0 = Debug|Any CPU
		{202E9EBA-C669-4F51-93C3-6638BA0B68B7}.Release|Any CPU.ActiveCfg = Release|Any CPU
		{202E9EBA-C669-4F51-93C3-6638BA0B68B7}.Release|Any CPU.Build.0 = Release|Any CPU
		{09C63C63-3968-4462-838F-27AF63372741}.Debug|Any CPU.ActiveCfg = Debug|Any CPU
		{09C63C63-3968-4462-838F-27AF63372741}.Debug|Any CPU.Build.0 = Debug|Any CPU
		{09C63C63-3968-4462-838F-27AF63372741}.Release|Any CPU.ActiveCfg = Release|Any CPU
		{09C63C63-3968-4462-838F-27AF63372741}.Release|Any CPU.Build.0 = Release|Any CPU
		{DAEFB41C-CD13-4EC4-83F9-B21D23C330BE}.Debug|Any CPU.ActiveCfg = Debug|Any CPU
		{DAEFB41C-CD13-4EC4-83F9-B21D23C330BE}.Debug|Any CPU.Build.0 = Debug|Any CPU
		{DAEFB41C-CD13-4EC4-83F9-B21D23C330BE}.Release|Any CPU.ActiveCfg = Release|Any CPU
		{DAEFB41C-CD13-4EC4-83F9-B21D23C330BE}.Release|Any CPU.Build.0 = Release|Any CPU
	EndGlobalSection
	GlobalSection(SolutionProperties) = preSolution
		HideSolutionNode = FALSE
	EndGlobalSection
EndGlobal
